{
  "name": "fsj",
  "version": "3.3.2",
  "lockfileVersion": 3,
  "requires": true,
  "packages": {
    "": {
      "name": "fsj",
      "version": "3.3.2",
      "devDependencies": {
        "@types/wechat-miniprogram": "^3.4.8"
      }
    },
    "node_modules/@types/wechat-miniprogram": {
      "version": "3.4.8",
      "resolved": "https://registry.npmjs.org/@types/wechat-miniprogram/-/wechat-miniprogram-3.4.8.tgz",
      "integrity": "sha512-lOqddA707X3SZxVhlZNBZPzYzj7lG/ED2fF30k+aE2oT6R4wfw0Wiup2k2hGrmzYUFyJXfGs01sDCuJMhQMAdg==",
      "dev": true,
      "license": "MIT"
    }
  }
}
